%{"bunt": {:hex, :bunt, "0.2.0", "951c6e801e8b1d2cbe58ebbd3e616a869061ddadcc4863d0a2182541acae9a38", [:mix], []},
  "credo": {:hex, :credo, "0.6.0", "44a82f82b94eeb4ba6092c89b8a6730ca1a3291c7940739d5acc8806d25ac991", [:mix], [{:bunt, "~> 0.2.0", [hex: :bunt, optional: false]}]},
  "earmark": {:hex, :earmark, "1.1.0", "8c2bf85d725050a92042bc1edf362621004d43ca6241c756f39612084e95487f", [:mix], []},
  "ex_doc": {:hex, :ex_doc, "0.14.5", "c0433c8117e948404d93ca69411dd575ec6be39b47802e81ca8d91017a0cf83c", [:mix], [{:earmark, "~> 1.0", [hex: :earmark, optional: false]}]},
  "poison": {:hex, :poison, "2.2.0", "4763b69a8a77bd77d26f477d196428b741261a761257ff1cf92753a0d4d24a63", [:mix], []},
  "sshex": {:hex, :sshex, "2.1.2", "f37167cbef6b33c31754750c30ac281fc7b7f6480f437c7c29708db7ef6ae85f", [:mix], []}}
